version = 1
revision = 3
requires-python = ">=3.14"

[[package]]
name = "dll-autograd"
version = "0.1.0"
source = { virtual = "." }
dependencies = [
    { name = "pybind11" },
    { name = "pybind11-stubgen" },
]

[package.metadata]
requires-dist = [
    { name = "pybind11", specifier = ">=3.0.2" },
    { name = "pybind11-stubgen", specifier = ">=2.5.5" },
]

[[package]]
name = "pybind11"
version = "3.0.2"
source = { registry = "https://pypi.org/simple" }
sdist = { url = "https://files.pythonhosted.org/packages/a5/98/9118a0659646f1628c592ef9bb48e0056efa6bf27c951fd12a178e0136fb/pybind11-3.0.2.tar.gz", hash = "sha256:432f01aeb68e361a3a7fc7575c2c7f497595bf640f747acd909ff238dd766e06", size = 577131, upload-time = "2026-02-17T04:46:52.556Z" }
wheels = [
    { url = "https://files.pythonhosted.org/packages/88/c5/e98d9c51f3d5300d5e40ad9037dd6b3b60736fd02ab68dcc98c96be7592d/pybind11-3.0.2-py3-none-any.whl", hash = "sha256:f8a6500548919cc33bcd220d5f984688326f574fa97f1107f2f4fdb4c6fb019f", size = 310158, upload-time = "2026-02-17T04:46:49.91Z" },
]

[[package]]
name = "pybind11-stubgen"
version = "2.5.5"
source = { registry = "https://pypi.org/simple" }
sdist = { url = "https://files.pythonhosted.org/packages/81/81/81900180501a51056572dd01aa852cc2d162478d4676ecebbfaad5cc20d1/pybind11_stubgen-2.5.5.tar.gz", hash = "sha256:758d6d6bbeefc62ad7f78d5e5bbf357ccf6af83cd4504f5f549403f452942708", size = 25031, upload-time = "2025-08-09T01:22:44.403Z" }
wheels = [
    { url = "https://files.pythonhosted.org/packages/4f/e4/4f2d41881fae547f06ffa4c9748fa8ed13c4db5c830ff268b84175546b3c/pybind11_stubgen-2.5.5-py3-none-any.whl", hash = "sha256:10824cd2fc5cbbee032b8fb39e6f6c08de232deb309bc66d786a6c6e8a4601bd", size = 30210, upload-time = "2025-08-09T01:22:43.135Z" },
]
